
Microsoft Visual Studio Solution File, Format Version 12.00
# Visual Studio Version 17
VisualStudioVersion = 17.5.33530.505
MinimumVisualStudioVersion = 10.0.40219.1
Project("{FAE04EC0-301F-11D3-BF4B-00C04F79EFBC}") = "Jenkins_Calculator", "Jenkins_Calculator\Jenkins_Calculator.csproj", "{C8B55FDF-96BF-4AD4-8AC8-A4E93525F129}"
EndProject
Project("{FAE04EC0-301F-11D3-BF4B-00C04F79EFBC}") = "Jenkins_Test", "Jenkins_Test\Jenkins_Test.csproj", "{5FE7D4AE-6D43-4C85-ACF0-11292036A781}"
EndProject
Global
	GlobalSection(SolutionConfigurationPlatforms) = preSolution
		Debug|Any CPU = Debug|Any CPU
		Release|Any CPU = Release|Any CPU
	EndGlobalSection
	GlobalSection(ProjectConfigurationPlatforms) = postSolution
		{C8B55FDF-96BF-4AD4-8AC8-A4E93525F129}.Debug|Any CPU.ActiveCfg = Debug|Any CPU
		{C8B55FDF-96BF-4AD4-8AC8-A4E93525F129}.Debug|Any CPU.Build.0 = Debug|Any CPU
		{C8B55FDF-96BF-4AD4-8AC8-A4E93525F129}.Release|Any CPU.ActiveCfg = Release|Any CPU
		{C8B55FDF-96BF-4AD4-8AC8-A4E93525F129}.Release|Any CPU.Build.0 = Release|Any CPU
		{5FE7D4AE-6D43-4C85-ACF0-11292036A781}.Debug|Any CPU.ActiveCfg = Debug|Any CPU
		{5FE7D4AE-6D43-4C85-ACF0-11292036A781}.Debug|Any CPU.Build.0 = Debug|Any CPU
		{5FE7D4AE-6D43-4C85-ACF0-11292036A781}.Release|Any CPU.ActiveCfg = Release|Any CPU
		{5FE7D4AE-6D43-4C85-ACF0-11292036A781}.Release|Any CPU.Build.0 = Release|Any CPU
	EndGlobalSection
	GlobalSection(SolutionProperties) = preSolution
		HideSolutionNode = FALSE
	EndGlobalSection
	GlobalSection(ExtensibilityGlobals) = postSolution
		SolutionGuid = {498D4AD2-0731-4232-A512-95FF377A3AFC}
	EndGlobalSection
EndGlobal
